
Microsoft Visual Studio Solution File, Format Version 12.00
# Visual Studio Version 17
VisualStudioVersion = 17.9.34714.143
MinimumVisualStudioVersion = 10.0.40219.1
Project("{FAE04EC0-301F-11D3-BF4B-00C04F79EFBC}") = "SimpleClock2", "SimpleClock2.csproj", "{F83FBA23-12CD-4C46-8F92-D6BAF861CA6F}"
EndProject
Global
	GlobalSection(SolutionConfigurationPlatforms) = preSolution
		Debug|Any CPU = Debug|Any CPU
		Release|Any CPU = Release|Any CPU
	EndGlobalSection
	GlobalSection(ProjectConfigurationPlatforms) = postSolution
		{F83FBA23-12CD-4C46-8F92-D6BAF861CA6F}.Debug|Any CPU.ActiveCfg = Debug|Any CPU
		{F83FBA23-12CD-4C46-8F92-D6BAF861CA6F}.Debug|Any CPU.Build.0 = Debug|Any CPU
		{F83FBA23-12CD-4C46-8F92-D6BAF861CA6F}.Release|Any CPU.ActiveCfg = Release|Any CPU
		{F83FBA23-12CD-4C46-8F92-D6BAF861CA6F}.Release|Any CPU.Build.0 = Release|Any CPU
	EndGlobalSection
	GlobalSection(SolutionProperties) = preSolution
		HideSolutionNode = FALSE
	EndGlobalSection
	GlobalSection(ExtensibilityGlobals) = postSolution
		SolutionGuid = {38DFD8CD-E606-48B4-8292-CDE2B71FEC55}
	EndGlobalSection
EndGlobal
